{
  "name": "colombiadev-salaries-2018-survey",
  "version": "0.0.1",
  "lockfileVersion": 1,
  "requires": true,
  "dependencies": {
    "@types/google-apps-script": {
      "version": "0.0.29",
      "resolved": "https://unpm.uberinternal.com/@types%2fgoogle-apps-script/-/google-apps-script-0.0.29.tgz",
      "integrity": "sha512-tQzmIlwhY+wdvxSCoydYNpGdyqhe+xk+SCb6bZYhlakaIynujYjxdXF7/VQwuBzGb58UF6kH/NmvnI69ocA3Xg=="
    }
  }
}
